Microsoft Visual Studio Solution File, Format Version 11.00
# Visual Studio 2010
Project("{8BC9CEB8-8B4A-11D0-8D11-00A0C91BC942}") = "mani_admin_plugin", "mani_admin_plugin.vcxproj", "{B6572CBE-7C7F-4FFF-94DE-AFBBBAB11C64}"
EndProject
Global
	GlobalSection(SolutionConfigurationPlatforms) = preSolution
		Orange SourceMM Debug|Win32 = Orange SourceMM Debug|Win32
		Orange SourceMM Release|Win32 = Orange SourceMM Release|Win32
		Orange VSP Debug|Win32 = Orange VSP Debug|Win32
		Orange VSP Release|Win32 = Orange VSP Release|Win32
		SourceMM Debug|Win32 = SourceMM Debug|Win32
		SourceMM Release|Win32 = SourceMM Release|Win32
		VSP Debug|Win32 = VSP Debug|Win32
		VSP Release|Win32 = VSP Release|Win32
	EndGlobalSection
	GlobalSection(ProjectConfigurationPlatforms) = postSolution
		{B6572CBE-7C7F-4FFF-94DE-AFBBBAB11C64}.Orange SourceMM Debug|Win32.ActiveCfg = SourceMM Orange Debug|Win32
		{B6572CBE-7C7F-4FFF-94DE-AFBBBAB11C64}.Orange SourceMM Debug|Win32.Build.0 = SourceMM Orange Debug|Win32
		{B6572CBE-7C7F-4FFF-94DE-AFBBBAB11C64}.Orange SourceMM Release|Win32.ActiveCfg = SourceMM Orange Release|Win32
		{B6572CBE-7C7F-4FFF-94DE-AFBBBAB11C64}.Orange SourceMM Release|Win32.Build.0 = SourceMM Orange Release|Win32
		{B6572CBE-7C7F-4FFF-94DE-AFBBBAB11C64}.Orange VSP Debug|Win32.ActiveCfg = Orange VSP Debug|Win32
		{B6572CBE-7C7F-4FFF-94DE-AFBBBAB11C64}.Orange VSP Debug|Win32.Build.0 = Orange VSP Debug|Win32
		{B6572CBE-7C7F-4FFF-94DE-AFBBBAB11C64}.Orange VSP Release|Win32.ActiveCfg = Orange VSP Release|Win32
		{B6572CBE-7C7F-4FFF-94DE-AFBBBAB11C64}.Orange VSP Release|Win32.Build.0 = Orange VSP Release|Win32
		{B6572CBE-7C7F-4FFF-94DE-AFBBBAB11C64}.SourceMM Debug|Win32.ActiveCfg = SourceMM Debug|Win32
		{B6572CBE-7C7F-4FFF-94DE-AFBBBAB11C64}.SourceMM Debug|Win32.Build.0 = SourceMM Debug|Win32
		{B6572CBE-7C7F-4FFF-94DE-AFBBBAB11C64}.SourceMM Release|Win32.ActiveCfg = SourceMM Release|Win32
		{B6572CBE-7C7F-4FFF-94DE-AFBBBAB11C64}.SourceMM Release|Win32.Build.0 = SourceMM Release|Win32
		{B6572CBE-7C7F-4FFF-94DE-AFBBBAB11C64}.VSP Debug|Win32.ActiveCfg = VSP Debug|Win32
		{B6572CBE-7C7F-4FFF-94DE-AFBBBAB11C64}.VSP Debug|Win32.Build.0 = VSP Debug|Win32
		{B6572CBE-7C7F-4FFF-94DE-AFBBBAB11C64}.VSP Release|Win32.ActiveCfg = VSP Release|Win32
		{B6572CBE-7C7F-4FFF-94DE-AFBBBAB11C64}.VSP Release|Win32.Build.0 = VSP Release|Win32
	EndGlobalSection
	GlobalSection(SolutionProperties) = preSolution
		HideSolutionNode = FALSE
	EndGlobalSection
	GlobalSection(ExtensibilityGlobals) = postSolution
		VisualSVNWorkingCopyRoot = ..
	EndGlobalSection
EndGlobal
