Microsoft Visual Studio Solution File, Format Version 11.00
# Visual Studio 2010
Project("{8BC9CEB8-8B4A-11D0-8D11-00A0C91BC942}") = "mani_admin_plugin", "mani_admin_plugin.vcxproj", "{B6572CBE-7C7F-4FFF-94DE-AFBBBAB11C64}"
EndProject
Global
	GlobalSection(SolutionConfigurationPlatforms) = preSolution
		CSGO Debug|Win32 = CSGO Debug|Win32
		CSGO Release|Win32 = CSGO Release|Win32
		CSGO SMM Debug|Win32 = CSGO SMM Debug|Win32
		CSGO SMM Release|Win32 = CSGO SMM Release|Win32
		CSS Debug|Win32 = CSS Debug|Win32
		CSS Release|Win32 = CSS Release|Win32
		CSS SMM Debug|Win32 = CSS SMM Debug|Win32
		CSS SMM Release|Win32 = CSS SMM Release|Win32
		OB Debug|Win32 = OB Debug|Win32
		OB Release|Win32 = OB Release|Win32
		OB SMM Debug|Win32 = OB SMM Debug|Win32
		OB SMM Release|Win32 = OB SMM Release|Win32
	EndGlobalSection
	GlobalSection(ProjectConfigurationPlatforms) = postSolution
		{B6572CBE-7C7F-4FFF-94DE-AFBBBAB11C64}.CSGO Debug|Win32.ActiveCfg = CSGO Debug|Win32
		{B6572CBE-7C7F-4FFF-94DE-AFBBBAB11C64}.CSGO Debug|Win32.Build.0 = CSGO Debug|Win32
		{B6572CBE-7C7F-4FFF-94DE-AFBBBAB11C64}.CSGO Release|Win32.ActiveCfg = CSGO Release|Win32
		{B6572CBE-7C7F-4FFF-94DE-AFBBBAB11C64}.CSGO Release|Win32.Build.0 = CSGO Release|Win32
		{B6572CBE-7C7F-4FFF-94DE-AFBBBAB11C64}.CSGO SMM Debug|Win32.ActiveCfg = CSGO SMM Debug|Win32
		{B6572CBE-7C7F-4FFF-94DE-AFBBBAB11C64}.CSGO SMM Debug|Win32.Build.0 = CSGO SMM Debug|Win32
		{B6572CBE-7C7F-4FFF-94DE-AFBBBAB11C64}.CSGO SMM Release|Win32.ActiveCfg = CSGO SMM Release|Win32
		{B6572CBE-7C7F-4FFF-94DE-AFBBBAB11C64}.CSGO SMM Release|Win32.Build.0 = CSGO SMM Release|Win32
		{B6572CBE-7C7F-4FFF-94DE-AFBBBAB11C64}.CSS Debug|Win32.ActiveCfg = CSS Debug|Win32
		{B6572CBE-7C7F-4FFF-94DE-AFBBBAB11C64}.CSS Debug|Win32.Build.0 = CSS Debug|Win32
		{B6572CBE-7C7F-4FFF-94DE-AFBBBAB11C64}.CSS Release|Win32.ActiveCfg = CSS Release|Win32
		{B6572CBE-7C7F-4FFF-94DE-AFBBBAB11C64}.CSS Release|Win32.Build.0 = CSS Release|Win32
		{B6572CBE-7C7F-4FFF-94DE-AFBBBAB11C64}.CSS SMM Debug|Win32.ActiveCfg = CSS SMM Debug|Win32
		{B6572CBE-7C7F-4FFF-94DE-AFBBBAB11C64}.CSS SMM Debug|Win32.Build.0 = CSS SMM Debug|Win32
		{B6572CBE-7C7F-4FFF-94DE-AFBBBAB11C64}.CSS SMM Release|Win32.ActiveCfg = CSS SMM Release|Win32
		{B6572CBE-7C7F-4FFF-94DE-AFBBBAB11C64}.CSS SMM Release|Win32.Build.0 = CSS SMM Release|Win32
		{B6572CBE-7C7F-4FFF-94DE-AFBBBAB11C64}.OB Debug|Win32.ActiveCfg = OB Debug|Win32
		{B6572CBE-7C7F-4FFF-94DE-AFBBBAB11C64}.OB Debug|Win32.Build.0 = OB Debug|Win32
		{B6572CBE-7C7F-4FFF-94DE-AFBBBAB11C64}.OB Release|Win32.ActiveCfg = OB Release|Win32
		{B6572CBE-7C7F-4FFF-94DE-AFBBBAB11C64}.OB Release|Win32.Build.0 = OB Release|Win32
		{B6572CBE-7C7F-4FFF-94DE-AFBBBAB11C64}.OB SMM Debug|Win32.ActiveCfg = OB SMM Debug|Win32
		{B6572CBE-7C7F-4FFF-94DE-AFBBBAB11C64}.OB SMM Debug|Win32.Build.0 = OB SMM Debug|Win32
		{B6572CBE-7C7F-4FFF-94DE-AFBBBAB11C64}.OB SMM Release|Win32.ActiveCfg = OB SMM Release|Win32
		{B6572CBE-7C7F-4FFF-94DE-AFBBBAB11C64}.OB SMM Release|Win32.Build.0 = OB SMM Release|Win32
	EndGlobalSection
	GlobalSection(SolutionProperties) = preSolution
		HideSolutionNode = FALSE
	EndGlobalSection
	GlobalSection(ExtensibilityGlobals) = postSolution
		VisualSVNWorkingCopyRoot = ..
	EndGlobalSection
EndGlobal
